{
  "name": "beremoji",
  "version": "1.5.0",
  "lockfileVersion": 2,
  "requires": true,
  "packages": {
    "": {
      "name": "beremoji",
      "version": "1.5.0",
      "license": "ISC",
      "dependencies": {
        "beremoji": "^1.5.0"
      }
    },
    "node_modules/beremoji": {
      "version": "1.5.0",
      "resolved": "https://registry.npmjs.org/beremoji/-/beremoji-1.5.0.tgz",
      "integrity": "sha512-1mzUC3jCvBeFfQlemxN5i5l2qrbXZRuMQ1cxWzA0WUL002935ISPo22S/o/JnUkr8TJM8D5AWLSxjCN2cgymxw=="
    }
  },
  "dependencies": {
    "beremoji": {
      "version": "1.5.0",
      "resolved": "https://registry.npmjs.org/beremoji/-/beremoji-1.5.0.tgz",
      "integrity": "sha512-1mzUC3jCvBeFfQlemxN5i5l2qrbXZRuMQ1cxWzA0WUL002935ISPo22S/o/JnUkr8TJM8D5AWLSxjCN2cgymxw=="
    }
  }
}
