# THIS IS AN AUTOGENERATED FILE. DO NOT EDIT THIS FILE DIRECTLY.
# yarn lockfile v1


fuzzyset@^1.0.6:
  version "1.0.6"
  resolved "https://registry.yarnpkg.com/fuzzyset/-/fuzzyset-1.0.6.tgz#b4ac08fb7bdec7946c843d5f694aabe001b7d30f"
  integrity sha512-8zpynKcEvO6wtLf9XOcjutYAUDgd3kgUf4h9LMNjd9UaOSsYHeuk+W6jWKPjEd5pGnA/LYCUpNph9w3jr0fQeg==
